
Microsoft Visual Studio Solution File, Format Version 12.00
# Visual Studio 15
Project("{FAE04EC0-301F-11D3-BF4B-00C04F79EFBC}") = "Assembly-CSharp", "Assembly-CSharp.csproj", "{504D2242-B048-284B-D2A5-6AEB9FDA2606}"
EndProject
Project("{FAE04EC0-301F-11D3-BF4B-00C04F79EFBC}") = "Assembly-CSharp-Editor", "Assembly-CSharp-Editor.csproj", "{C8836C7C-4AAB-6C9F-7B20-BB017DD8D8AD}"
EndProject
Global
	GlobalSection(SolutionConfigurationPlatforms) = preSolution
		Debug|Any CPU = Debug|Any CPU
		Release|Any CPU = Release|Any CPU
	EndGlobalSection
	GlobalSection(ProjectConfigurationPlatforms) = postSolution
		{504D2242-B048-284B-D2A5-6AEB9FDA2606}.Debug|Any CPU.ActiveCfg = Debug|Any CPU
		{504D2242-B048-284B-D2A5-6AEB9FDA2606}.Debug|Any CPU.Build.0 = Debug|Any CPU
		{504D2242-B048-284B-D2A5-6AEB9FDA2606}.Release|Any CPU.ActiveCfg = Release|Any CPU
		{504D2242-B048-284B-D2A5-6AEB9FDA2606}.Release|Any CPU.Build.0 = Release|Any CPU
		{C8836C7C-4AAB-6C9F-7B20-BB017DD8D8AD}.Debug|Any CPU.ActiveCfg = Debug|Any CPU
		{C8836C7C-4AAB-6C9F-7B20-BB017DD8D8AD}.Debug|Any CPU.Build.0 = Debug|Any CPU
		{C8836C7C-4AAB-6C9F-7B20-BB017DD8D8AD}.Release|Any CPU.ActiveCfg = Release|Any CPU
		{C8836C7C-4AAB-6C9F-7B20-BB017DD8D8AD}.Release|Any CPU.Build.0 = Release|Any CPU
	EndGlobalSection
	GlobalSection(SolutionProperties) = preSolution
		HideSolutionNode = FALSE
	EndGlobalSection
EndGlobal
